// !$*UTF8*$!
{
	archiveVersion = 1;
	classes = {
	};
	objectVersion = 53;
	objects = {

/* Begin PBXBuildFile section */
		79691B84D8869609D6E08B31 /* Pods_TraningAPITests.framework in Frameworks */ = {isa = PBXBuildFile; fileRef = DCF2AC3D255A680112FB0215 /* Pods_TraningAPITests.framework */; };
		C4FAF350BB5B7B7ACFCE4E8D /* Pods_TraningAPI.framework in Frameworks */ = {isa = PBXBuildFile; fileRef = 0087D89D9F30DB19388339F4 /* Pods_TraningAPI.framework */; };
		FF06D6D6282B7162A7FD4E95 /* Pods_TraningAPI_TraningAPIUITests.framework in Frameworks */ = {isa = PBXBuildFile; fileRef = F4D1DD8799FDD0FBABE3408B /* Pods_TraningAPI_TraningAPIUITests.framework */; };
		FF07610C268298E00050FC2B /* RootViewController.m in Sources */ = {isa = PBXBuildFile; fileRef = FF07610B268298E00050FC2B /* RootViewController.m */; };
		FF07610F2682990D0050FC2B /* PrefecturesListViewController.m in Sources */ = {isa = PBXBuildFile; fileRef = FF07610E2682990D0050FC2B /* PrefecturesListViewController.m */; };
		FF076113268299290050FC2B /* PrefecturesListTableViewCell.m in Sources */ = {isa = PBXBuildFile; fileRef = FF076111268299290050FC2B /* PrefecturesListTableViewCell.m */; };
		FF076114268299290050FC2B /* PrefecturesListTableViewCell.xib in Resources */ = {isa = PBXBuildFile; fileRef = FF076112268299290050FC2B /* PrefecturesListTableViewCell.xib */; };
		FF076117268299440050FC2B /* MenuViewController.m in Sources */ = {isa = PBXBuildFile; fileRef = FF076116268299440050FC2B /* MenuViewController.m */; };
		FF07611B268299560050FC2B /* MenuTableViewCell.m in Sources */ = {isa = PBXBuildFile; fileRef = FF076119268299560050FC2B /* MenuTableViewCell.m */; };
		FF07611C268299560050FC2B /* MenuTableViewCell.xib in Resources */ = {isa = PBXBuildFile; fileRef = FF07611A268299560050FC2B /* MenuTableViewCell.xib */; };
		FF07611F2682996D0050FC2B /* LicenceListViewController.m in Sources */ = {isa = PBXBuildFile; fileRef = FF07611E2682996D0050FC2B /* LicenceListViewController.m */; };
		FF0761232682997E0050FC2B /* LicenceTableViewCell.m in Sources */ = {isa = PBXBuildFile; fileRef = FF0761212682997E0050FC2B /* LicenceTableViewCell.m */; };
		FF0761242682997E0050FC2B /* LicenceTableViewCell.xib in Resources */ = {isa = PBXBuildFile; fileRef = FF0761222682997E0050FC2B /* LicenceTableViewCell.xib */; };
		FF0761272682998E0050FC2B /* LicenceContentViewController.m in Sources */ = {isa = PBXBuildFile; fileRef = FF0761262682998E0050FC2B /* LicenceContentViewController.m */; };
		FF07612A2682999D0050FC2B /* DetailsViewController.m in Sources */ = {isa = PBXBuildFile; fileRef = FF0761292682999D0050FC2B /* DetailsViewController.m */; };
		FF076154268299FD0050FC2B /* GithubAPI.m in Sources */ = {isa = PBXBuildFile; fileRef = FF07612D268299FC0050FC2B /* GithubAPI.m */; };
		FF076156268299FD0050FC2B /* RealmDB.m in Sources */ = {isa = PBXBuildFile; fileRef = FF076131268299FC0050FC2B /* RealmDB.m */; };
		FF076158268299FD0050FC2B /* PrefecturesPresenter.m in Sources */ = {isa = PBXBuildFile; fileRef = FF076138268299FD0050FC2B /* PrefecturesPresenter.m */; };
		FF07615B268299FD0050FC2B /* DetailsPresenter.m in Sources */ = {isa = PBXBuildFile; fileRef = FF07613F268299FD0050FC2B /* DetailsPresenter.m */; };
		FF07615C268299FD0050FC2B /* RootPresenter.m in Sources */ = {isa = PBXBuildFile; fileRef = FF076140268299FD0050FC2B /* RootPresenter.m */; };
		FF07615E268299FD0050FC2B /* Common.m in Sources */ = {isa = PBXBuildFile; fileRef = FF076145268299FD0050FC2B /* Common.m */; };
		FF07615F268299FD0050FC2B /* PrefecturesEntity.m in Sources */ = {isa = PBXBuildFile; fileRef = FF076147268299FD0050FC2B /* PrefecturesEntity.m */; };
		FF076162268299FD0050FC2B /* PrefecturesUseCase.m in Sources */ = {isa = PBXBuildFile; fileRef = FF07614A268299FD0050FC2B /* PrefecturesUseCase.m */; };
		FF076165268299FD0050FC2B /* StoryBoard.m in Sources */ = {isa = PBXBuildFile; fileRef = FF076152268299FD0050FC2B /* StoryBoard.m */; };
		FFD3F29D268280FC0052F968 /* AppDelegate.m in Sources */ = {isa = PBXBuildFile; fileRef = FFD3F29C268280FC0052F968 /* AppDelegate.m */; };
		FFD3F2A0268280FC0052F968 /* SceneDelegate.m in Sources */ = {isa = PBXBuildFile; fileRef = FFD3F29F268280FC0052F968 /* SceneDelegate.m */; };
		FFD3F2A6268280FC0052F968 /* Main.storyboard in Resources */ = {isa = PBXBuildFile; fileRef = FFD3F2A4268280FC0052F968 /* Main.storyboard */; };
		FFD3F2A8268280FE0052F968 /* Assets.xcassets in Resources */ = {isa = PBXBuildFile; fileRef = FFD3F2A7268280FE0052F968 /* Assets.xcassets */; };
		FFD3F2AB268280FE0052F968 /* LaunchScreen.storyboard in Resources */ = {isa = PBXBuildFile; fileRef = FFD3F2A9268280FE0052F968 /* LaunchScreen.storyboard */; };
		FFD3F2AE268280FE0052F968 /* main.m in Sources */ = {isa = PBXBuildFile; fileRef = FFD3F2AD268280FE0052F968 /* main.m */; };
		FFD3F2B8268280FE0052F968 /* TraningAPITests.m in Sources */ = {isa = PBXBuildFile; fileRef = FFD3F2B7268280FE0052F968 /* TraningAPITests.m */; };
		FFD3F2C3268280FE0052F968 /* TraningAPIUITests.m in Sources */ = {isa = PBXBuildFile; fileRef = FFD3F2C2268280FE0052F968 /* TraningAPIUITests.m */; };
/* End PBXBuildFile section */

/* Begin PBXContainerItemProxy section */
		FFD3F2B4268280FE0052F968 /* PBXContainerItemProxy */ = {
			isa = PBXContainerItemProxy;
			containerPortal = FFD3F290268280FC0052F968 /* Project object */;
			proxyType = 1;
			remoteGlobalIDString = FFD3F297268280FC0052F968;
			remoteInfo = TraningAPI;
		};
		FFD3F2BF268280FE0052F968 /* PBXContainerItemProxy */ = {
			isa = PBXContainerItemProxy;
			containerPortal = FFD3F290268280FC0052F968 /* Project object */;
			proxyType = 1;
			remoteGlobalIDString = FFD3F297268280FC0052F968;
			remoteInfo = TraningAPI;
		};
/* End PBXContainerItemProxy section */

/* Begin PBXFileReference section */
		0087D89D9F30DB19388339F4 /* Pods_TraningAPI.framework */ = {isa = PBXFileReference; explicitFileType = wrapper.framework; includeInIndex = 0; path = Pods_TraningAPI.framework; sourceTree = BUILT_PRODUCTS_DIR; };
		2B13D54C8721E695222EA248 /* Pods-TraningAPITests.release.xcconfig */ = {isa = PBXFileReference; includeInIndex = 1; lastKnownFileType = text.xcconfig; name = "Pods-TraningAPITests.release.xcconfig"; path = "Target Support Files/Pods-TraningAPITests/Pods-TraningAPITests.release.xcconfig"; sourceTree = "<group>"; };
		52223CCFE23F1844429A083F /* Pods-TraningAPI-TraningAPIUITests.debug.xcconfig */ = {isa = PBXFileReference; includeInIndex = 1; lastKnownFileType = text.xcconfig; name = "Pods-TraningAPI-TraningAPIUITests.debug.xcconfig"; path = "Target Support Files/Pods-TraningAPI-TraningAPIUITests/Pods-TraningAPI-TraningAPIUITests.debug.xcconfig"; sourceTree = "<group>"; };
		76F35E877D5D9A11C28FA3B1 /* Pods-TraningAPI.debug.xcconfig */ = {isa = PBXFileReference; includeInIndex = 1; lastKnownFileType = text.xcconfig; name = "Pods-TraningAPI.debug.xcconfig"; path = "Target Support Files/Pods-TraningAPI/Pods-TraningAPI.debug.xcconfig"; sourceTree = "<group>"; };
		85E71554AFFFC8E10AD817B6 /* Pods-TraningAPITests.debug.xcconfig */ = {isa = PBXFileReference; includeInIndex = 1; lastKnownFileType = text.xcconfig; name = "Pods-TraningAPITests.debug.xcconfig"; path = "Target Support Files/Pods-TraningAPITests/Pods-TraningAPITests.debug.xcconfig"; sourceTree = "<group>"; };
		C6FDD387091B490E87A2D232 /* Pods-TraningAPI-TraningAPIUITests.release.xcconfig */ = {isa = PBXFileReference; includeInIndex = 1; lastKnownFileType = text.xcconfig; name = "Pods-TraningAPI-TraningAPIUITests.release.xcconfig"; path = "Target Support Files/Pods-TraningAPI-TraningAPIUITests/Pods-TraningAPI-TraningAPIUITests.release.xcconfig"; sourceTree = "<group>"; };
		DCF2AC3D255A680112FB0215 /* Pods_TraningAPITests.framework */ = {isa = PBXFileReference; explicitFileType = wrapper.framework; includeInIndex = 0; path = Pods_TraningAPITests.framework; sourceTree = BUILT_PRODUCTS_DIR; };
		F4D1DD8799FDD0FBABE3408B /* Pods_TraningAPI_TraningAPIUITests.framework */ = {isa = PBXFileReference; explicitFileType = wrapper.framework; includeInIndex = 0; path = Pods_TraningAPI_TraningAPIUITests.framework; sourceTree = BUILT_PRODUCTS_DIR; };
		F6518B4B7A720491E6504702 /* Pods-TraningAPI.release.xcconfig */ = {isa = PBXFileReference; includeInIndex = 1; lastKnownFileType = text.xcconfig; name = "Pods-TraningAPI.release.xcconfig"; path = "Target Support Files/Pods-TraningAPI/Pods-TraningAPI.release.xcconfig"; sourceTree = "<group>"; };
		FF07610A268298E00050FC2B /* RootViewController.h */ = {isa = PBXFileReference; lastKnownFileType = sourcecode.c.h; path = RootViewController.h; sourceTree = "<group>"; };
		FF07610B268298E00050FC2B /* RootViewController.m */ = {isa = PBXFileReference; lastKnownFileType = sourcecode.c.objc; path = RootViewController.m; sourceTree = "<group>"; };
		FF07610D2682990D0050FC2B /* PrefecturesListViewController.h */ = {isa = PBXFileReference; lastKnownFileType = sourcecode.c.h; path = PrefecturesListViewController.h; sourceTree = "<group>"; };
		FF07610E2682990D0050FC2B /* PrefecturesListViewController.m */ = {isa = PBXFileReference; lastKnownFileType = sourcecode.c.objc; path = PrefecturesListViewController.m; sourceTree = "<group>"; };
		FF076110268299290050FC2B /* PrefecturesListTableViewCell.h */ = {isa = PBXFileReference; lastKnownFileType = sourcecode.c.h; path = PrefecturesListTableViewCell.h; sourceTree = "<group>"; };
		FF076111268299290050FC2B /* PrefecturesListTableViewCell.m */ = {isa = PBXFileReference; lastKnownFileType = sourcecode.c.objc; path = PrefecturesListTableViewCell.m; sourceTree = "<group>"; };
		FF076112268299290050FC2B /* PrefecturesListTableViewCell.xib */ = {isa = PBXFileReference; lastKnownFileType = file.xib; path = PrefecturesListTableViewCell.xib; sourceTree = "<group>"; };
		FF076115268299440050FC2B /* MenuViewController.h */ = {isa = PBXFileReference; lastKnownFileType = sourcecode.c.h; path = MenuViewController.h; sourceTree = "<group>"; };
		FF076116268299440050FC2B /* MenuViewController.m */ = {isa = PBXFileReference; lastKnownFileType = sourcecode.c.objc; path = MenuViewController.m; sourceTree = "<group>"; };
		FF076118268299560050FC2B /* MenuTableViewCell.h */ = {isa = PBXFileReference; lastKnownFileType = sourcecode.c.h; path = MenuTableViewCell.h; sourceTree = "<group>"; };
		FF076119268299560050FC2B /* MenuTableViewCell.m */ = {isa = PBXFileReference; lastKnownFileType = sourcecode.c.objc; path = MenuTableViewCell.m; sourceTree = "<group>"; };
		FF07611A268299560050FC2B /* MenuTableViewCell.xib */ = {isa = PBXFileReference; lastKnownFileType = file.xib; path = MenuTableViewCell.xib; sourceTree = "<group>"; };
		FF07611D2682996D0050FC2B /* LicenceListViewController.h */ = {isa = PBXFileReference; lastKnownFileType = sourcecode.c.h; path = LicenceListViewController.h; sourceTree = "<group>"; };
		FF07611E2682996D0050FC2B /* LicenceListViewController.m */ = {isa = PBXFileReference; lastKnownFileType = sourcecode.c.objc; path = LicenceListViewController.m; sourceTree = "<group>"; };
		FF0761202682997E0050FC2B /* LicenceTableViewCell.h */ = {isa = PBXFileReference; lastKnownFileType = sourcecode.c.h; path = LicenceTableViewCell.h; sourceTree = "<group>"; };
		FF0761212682997E0050FC2B /* LicenceTableViewCell.m */ = {isa = PBXFileReference; lastKnownFileType = sourcecode.c.objc; path = LicenceTableViewCell.m; sourceTree = "<group>"; };
		FF0761222682997E0050FC2B /* LicenceTableViewCell.xib */ = {isa = PBXFileReference; lastKnownFileType = file.xib; path = LicenceTableViewCell.xib; sourceTree = "<group>"; };
		FF0761252682998E0050FC2B /* LicenceContentViewController.h */ = {isa = PBXFileReference; lastKnownFileType = sourcecode.c.h; path = LicenceContentViewController.h; sourceTree = "<group>"; };
		FF0761262682998E0050FC2B /* LicenceContentViewController.m */ = {isa = PBXFileReference; lastKnownFileType = sourcecode.c.objc; path = LicenceContentViewController.m; sourceTree = "<group>"; };
		FF0761282682999D0050FC2B /* DetailsViewController.h */ = {isa = PBXFileReference; lastKnownFileType = sourcecode.c.h; path = DetailsViewController.h; sourceTree = "<group>"; };
		FF0761292682999D0050FC2B /* DetailsViewController.m */ = {isa = PBXFileReference; lastKnownFileType = sourcecode.c.objc; path = DetailsViewController.m; sourceTree = "<group>"; };
		FF07612D268299FC0050FC2B /* GithubAPI.m */ = {isa = PBXFileReference; fileEncoding = 4; lastKnownFileType = sourcecode.c.objc; path = GithubAPI.m; sourceTree = "<group>"; };
		FF07612F268299FC0050FC2B /* GithubAPI.h */ = {isa = PBXFileReference; fileEncoding = 4; lastKnownFileType = sourcecode.c.h; path = GithubAPI.h; sourceTree = "<group>"; };
		FF076131268299FC0050FC2B /* RealmDB.m */ = {isa = PBXFileReference; fileEncoding = 4; lastKnownFileType = sourcecode.c.objc; path = RealmDB.m; sourceTree = "<group>"; };
		FF076133268299FC0050FC2B /* RealmDB.h */ = {isa = PBXFileReference; fileEncoding = 4; lastKnownFileType = sourcecode.c.h; path = RealmDB.h; sourceTree = "<group>"; };
		FF076135268299FD0050FC2B /* RootPresenter.h */ = {isa = PBXFileReference; fileEncoding = 4; lastKnownFileType = sourcecode.c.h; name = RootPresenter.h; path = TraningAPI/Presenter/RootPresenter/RootPresenter.h; sourceTree = SOURCE_ROOT; };
		FF076136268299FD0050FC2B /* DetailsPresenter.h */ = {isa = PBXFileReference; fileEncoding = 4; lastKnownFileType = sourcecode.c.h; name = DetailsPresenter.h; path = TraningAPI/Presenter/DetailsPresenter/DetailsPresenter.h; sourceTree = SOURCE_ROOT; };
		FF076137268299FD0050FC2B /* DetailsPresenterOutput.h */ = {isa = PBXFileReference; fileEncoding = 4; lastKnownFileType = sourcecode.c.h; name = DetailsPresenterOutput.h; path = TraningAPI/Presenter/DetailsPresenter/DetailsPresenterOutput.h; sourceTree = SOURCE_ROOT; };
		FF076138268299FD0050FC2B /* PrefecturesPresenter.m */ = {isa = PBXFileReference; fileEncoding = 4; lastKnownFileType = sourcecode.c.objc; name = PrefecturesPresenter.m; path = TraningAPI/Presenter/PrefecturesPresenter/PrefecturesPresenter.m; sourceTree = SOURCE_ROOT; };
		FF07613B268299FD0050FC2B /* RootContainerDelegate.h */ = {isa = PBXFileReference; fileEncoding = 4; lastKnownFileType = sourcecode.c.h; path = RootContainerDelegate.h; sourceTree = "<group>"; };
		FF07613C268299FD0050FC2B /* PrefecturesPresenterInput.h */ = {isa = PBXFileReference; fileEncoding = 4; lastKnownFileType = sourcecode.c.h; name = PrefecturesPresenterInput.h; path = TraningAPI/Presenter/PrefecturesPresenter/PrefecturesPresenterInput.h; sourceTree = SOURCE_ROOT; };
		FF07613D268299FD0050FC2B /* DetailsPresenterInput.h */ = {isa = PBXFileReference; fileEncoding = 4; lastKnownFileType = sourcecode.c.h; name = DetailsPresenterInput.h; path = TraningAPI/Presenter/DetailsPresenter/DetailsPresenterInput.h; sourceTree = SOURCE_ROOT; };
		FF07613E268299FD0050FC2B /* PrefecturesView.h */ = {isa = PBXFileReference; fileEncoding = 4; lastKnownFileType = sourcecode.c.h; path = PrefecturesView.h; sourceTree = "<group>"; };
		FF07613F268299FD0050FC2B /* DetailsPresenter.m */ = {isa = PBXFileReference; fileEncoding = 4; lastKnownFileType = sourcecode.c.objc; name = DetailsPresenter.m; path = TraningAPI/Presenter/DetailsPresenter/DetailsPresenter.m; sourceTree = SOURCE_ROOT; };
		FF076140268299FD0050FC2B /* RootPresenter.m */ = {isa = PBXFileReference; fileEncoding = 4; lastKnownFileType = sourcecode.c.objc; name = RootPresenter.m; path = TraningAPI/Presenter/RootPresenter/RootPresenter.m; sourceTree = SOURCE_ROOT; };
		FF076141268299FD0050FC2B /* RootPresenterOutput.h */ = {isa = PBXFileReference; fileEncoding = 4; lastKnownFileType = sourcecode.c.h; name = RootPresenterOutput.h; path = TraningAPI/Presenter/RootPresenter/RootPresenterOutput.h; sourceTree = SOURCE_ROOT; };
		FF076143268299FD0050FC2B /* PrefecturesPresenter.h */ = {isa = PBXFileReference; fileEncoding = 4; lastKnownFileType = sourcecode.c.h; name = PrefecturesPresenter.h; path = TraningAPI/Presenter/PrefecturesPresenter/PrefecturesPresenter.h; sourceTree = SOURCE_ROOT; };
		FF076145268299FD0050FC2B /* Common.m */ = {isa = PBXFileReference; fileEncoding = 4; lastKnownFileType = sourcecode.c.objc; name = Common.m; path = TraningAPI/Model/Common/Common.m; sourceTree = SOURCE_ROOT; };
		FF076146268299FD0050FC2B /* PrefecturesInput.h */ = {isa = PBXFileReference; fileEncoding = 4; lastKnownFileType = sourcecode.c.h; name = PrefecturesInput.h; path = TraningAPI/Model/PrefecturesInput/PrefecturesInput.h; sourceTree = SOURCE_ROOT; };
		FF076147268299FD0050FC2B /* PrefecturesEntity.m */ = {isa = PBXFileReference; fileEncoding = 4; lastKnownFileType = sourcecode.c.objc; name = PrefecturesEntity.m; path = TraningAPI/Model/PrefecturesEntity/PrefecturesEntity.m; sourceTree = SOURCE_ROOT; };
		FF07614A268299FD0050FC2B /* PrefecturesUseCase.m */ = {isa = PBXFileReference; fileEncoding = 4; lastKnownFileType = sourcecode.c.objc; name = PrefecturesUseCase.m; path = TraningAPI/Model/PrefecturesUseCase/PrefecturesUseCase.m; sourceTree = SOURCE_ROOT; };
		FF07614B268299FD0050FC2B /* Common.h */ = {isa = PBXFileReference; fileEncoding = 4; lastKnownFileType = sourcecode.c.h; name = Common.h; path = TraningAPI/Model/Common/Common.h; sourceTree = SOURCE_ROOT; };
		FF07614C268299FD0050FC2B /* PrefecturesEntity.h */ = {isa = PBXFileReference; fileEncoding = 4; lastKnownFileType = sourcecode.c.h; name = PrefecturesEntity.h; path = TraningAPI/Model/PrefecturesEntity/PrefecturesEntity.h; sourceTree = SOURCE_ROOT; };
		FF07614D268299FD0050FC2B /* PrefecturesUseCase.h */ = {isa = PBXFileReference; fileEncoding = 4; lastKnownFileType = sourcecode.c.h; name = PrefecturesUseCase.h; path = TraningAPI/Model/PrefecturesUseCase/PrefecturesUseCase.h; sourceTree = SOURCE_ROOT; };
		FF076150268299FD0050FC2B /* StoryBoard.h */ = {isa = PBXFileReference; fileEncoding = 4; lastKnownFileType = sourcecode.c.h; path = StoryBoard.h; sourceTree = "<group>"; };
		FF076152268299FD0050FC2B /* StoryBoard.m */ = {isa = PBXFileReference; fileEncoding = 4; lastKnownFileType = sourcecode.c.objc; path = StoryBoard.m; sourceTree = "<group>"; };
		FFD3F298268280FC0052F968 /* TraningAPI.app */ = {isa = PBXFileReference; explicitFileType = wrapper.application; includeInIndex = 0; path = TraningAPI.app; sourceTree = BUILT_PRODUCTS_DIR; };
		FFD3F29B268280FC0052F968 /* AppDelegate.h */ = {isa = PBXFileReference; lastKnownFileType = sourcecode.c.h; path = AppDelegate.h; sourceTree = "<group>"; };
		FFD3F29C268280FC0052F968 /* AppDelegate.m */ = {isa = PBXFileReference; lastKnownFileType = sourcecode.c.objc; path = AppDelegate.m; sourceTree = "<group>"; };
		FFD3F29E268280FC0052F968 /* SceneDelegate.h */ = {isa = PBXFileReference; lastKnownFileType = sourcecode.c.h; path = SceneDelegate.h; sourceTree = "<group>"; };
		FFD3F29F268280FC0052F968 /* SceneDelegate.m */ = {isa = PBXFileReference; lastKnownFileType = sourcecode.c.objc; path = SceneDelegate.m; sourceTree = "<group>"; };
		FFD3F2A5268280FC0052F968 /* Base */ = {isa = PBXFileReference; lastKnownFileType = file.storyboard; name = Base; path = Base.lproj/Main.storyboard; sourceTree = "<group>"; };
		FFD3F2A7268280FE0052F968 /* Assets.xcassets */ = {isa = PBXFileReference; lastKnownFileType = folder.assetcatalog; path = Assets.xcassets; sourceTree = "<group>"; };
		FFD3F2AA268280FE0052F968 /* Base */ = {isa = PBXFileReference; lastKnownFileType = file.storyboard; name = Base; path = Base.lproj/LaunchScreen.storyboard; sourceTree = "<group>"; };
		FFD3F2AC268280FE0052F968 /* Info.plist */ = {isa = PBXFileReference; lastKnownFileType = text.plist.xml; path = Info.plist; sourceTree = "<group>"; };
		FFD3F2AD268280FE0052F968 /* main.m */ = {isa = PBXFileReference; lastKnownFileType = sourcecode.c.objc; path = main.m; sourceTree = "<group>"; };
		FFD3F2B3268280FE0052F968 /* TraningAPITests.xctest */ = {isa = PBXFileReference; explicitFileType = wrapper.cfbundle; includeInIndex = 0; path = TraningAPITests.xctest; sourceTree = BUILT_PRODUCTS_DIR; };
		FFD3F2B7268280FE0052F968 /* TraningAPITests.m */ = {isa = PBXFileReference; lastKnownFileType = sourcecode.c.objc; path = TraningAPITests.m; sourceTree = "<group>"; };
		FFD3F2B9268280FE0052F968 /* Info.plist */ = {isa = PBXFileReference; lastKnownFileType = text.plist.xml; path = Info.plist; sourceTree = "<group>"; };
		FFD3F2BE268280FE0052F968 /* TraningAPIUITests.xctest */ = {isa = PBXFileReference; explicitFileType = wrapper.cfbundle; includeInIndex = 0; path = TraningAPIUITests.xctest; sourceTree = BUILT_PRODUCTS_DIR; };
		FFD3F2C2268280FE0052F968 /* TraningAPIUITests.m */ = {isa = PBXFileReference; lastKnownFileType = sourcecode.c.objc; path = TraningAPIUITests.m; sourceTree = "<group>"; };
		FFD3F2C4268280FE0052F968 /* Info.plist */ = {isa = PBXFileReference; lastKnownFileType = text.plist.xml; path = Info.plist; sourceTree = "<group>"; };
/* End PBXFileReference section */

/* Begin PBXFrameworksBuildPhase section */
		FFD3F295268280FC0052F968 /* Frameworks */ = {
			isa = PBXFrameworksBuildPhase;
			buildActionMask = 2147483647;
			files = (
				C4FAF350BB5B7B7ACFCE4E8D /* Pods_TraningAPI.framework in Frameworks */,
			);
			runOnlyForDeploymentPostprocessing = 0;
		};
		FFD3F2B0268280FE0052F968 /* Frameworks */ = {
			isa = PBXFrameworksBuildPhase;
			buildActionMask = 2147483647;
			files = (
				79691B84D8869609D6E08B31 /* Pods_TraningAPITests.framework in Frameworks */,
			);
			runOnlyForDeploymentPostprocessing = 0;
		};
		FFD3F2BB268280FE0052F968 /* Frameworks */ = {
			isa = PBXFrameworksBuildPhase;
			buildActionMask = 2147483647;
			files = (
				FF06D6D6282B7162A7FD4E95 /* Pods_TraningAPI_TraningAPIUITests.framework in Frameworks */,
			);
			runOnlyForDeploymentPostprocessing = 0;
		};
/* End PBXFrameworksBuildPhase section */

/* Begin PBXGroup section */
		08D6DA6C9BDE12F1D9EC7674 /* Pods */ = {
			isa = PBXGroup;
			children = (
				76F35E877D5D9A11C28FA3B1 /* Pods-TraningAPI.debug.xcconfig */,
				F6518B4B7A720491E6504702 /* Pods-TraningAPI.release.xcconfig */,
				52223CCFE23F1844429A083F /* Pods-TraningAPI-TraningAPIUITests.debug.xcconfig */,
				C6FDD387091B490E87A2D232 /* Pods-TraningAPI-TraningAPIUITests.release.xcconfig */,
				85E71554AFFFC8E10AD817B6 /* Pods-TraningAPITests.debug.xcconfig */,
				2B13D54C8721E695222EA248 /* Pods-TraningAPITests.release.xcconfig */,
			);
			path = Pods;
			sourceTree = "<group>";
		};
		509A6C8A6D277C3C5FD7953C /* Frameworks */ = {
			isa = PBXGroup;
			children = (
				0087D89D9F30DB19388339F4 /* Pods_TraningAPI.framework */,
				F4D1DD8799FDD0FBABE3408B /* Pods_TraningAPI_TraningAPIUITests.framework */,
				DCF2AC3D255A680112FB0215 /* Pods_TraningAPITests.framework */,
			);
			name = Frameworks;
			sourceTree = "<group>";
		};
		FF0760FE2682981E0050FC2B /* View */ = {
			isa = PBXGroup;
			children = (
				FF076109268298A90050FC2B /* DerailsView */,
				FF076108268298A00050FC2B /* LicenceContentView */,
				FF076107268298970050FC2B /* LicenceListView */,
				FF0761062682988B0050FC2B /* MenuView */,
				FF076105268298850050FC2B /* PrefecturesListView */,
				FF076104268298670050FC2B /* RootViewController */,
			);
			path = View;
			sourceTree = "<group>";
		};
		FF076104268298670050FC2B /* RootViewController */ = {
			isa = PBXGroup;
			children = (
				FF07610A268298E00050FC2B /* RootViewController.h */,
				FF07610B268298E00050FC2B /* RootViewController.m */,
			);
			path = RootViewController;
			sourceTree = "<group>";
		};
		FF076105268298850050FC2B /* PrefecturesListView */ = {
			isa = PBXGroup;
			children = (
				FF07610D2682990D0050FC2B /* PrefecturesListViewController.h */,
				FF07610E2682990D0050FC2B /* PrefecturesListViewController.m */,
				FF076110268299290050FC2B /* PrefecturesListTableViewCell.h */,
				FF076111268299290050FC2B /* PrefecturesListTableViewCell.m */,
				FF076112268299290050FC2B /* PrefecturesListTableViewCell.xib */,
			);
			path = PrefecturesListView;
			sourceTree = "<group>";
		};
		FF0761062682988B0050FC2B /* MenuView */ = {
			isa = PBXGroup;
			children = (
				FF076115268299440050FC2B /* MenuViewController.h */,
				FF076116268299440050FC2B /* MenuViewController.m */,
				FF076118268299560050FC2B /* MenuTableViewCell.h */,
				FF076119268299560050FC2B /* MenuTableViewCell.m */,
				FF07611A268299560050FC2B /* MenuTableViewCell.xib */,
			);
			path = MenuView;
			sourceTree = "<group>";
		};
		FF076107268298970050FC2B /* LicenceListView */ = {
			isa = PBXGroup;
			children = (
				FF07611D2682996D0050FC2B /* LicenceListViewController.h */,
				FF07611E2682996D0050FC2B /* LicenceListViewController.m */,
				FF0761202682997E0050FC2B /* LicenceTableViewCell.h */,
				FF0761212682997E0050FC2B /* LicenceTableViewCell.m */,
				FF0761222682997E0050FC2B /* LicenceTableViewCell.xib */,
			);
			path = LicenceListView;
			sourceTree = "<group>";
		};
		FF076108268298A00050FC2B /* LicenceContentView */ = {
			isa = PBXGroup;
			children = (
				FF0761252682998E0050FC2B /* LicenceContentViewController.h */,
				FF0761262682998E0050FC2B /* LicenceContentViewController.m */,
			);
			path = LicenceContentView;
			sourceTree = "<group>";
		};
		FF076109268298A90050FC2B /* DerailsView */ = {
			isa = PBXGroup;
			children = (
				FF0761282682999D0050FC2B /* DetailsViewController.h */,
				FF0761292682999D0050FC2B /* DetailsViewController.m */,
			);
			path = DerailsView;
			sourceTree = "<group>";
		};
		FF07612B268299FC0050FC2B /* API */ = {
			isa = PBXGroup;
			children = (
				FF07612D268299FC0050FC2B /* GithubAPI.m */,
				FF07612F268299FC0050FC2B /* GithubAPI.h */,
			);
			path = API;
			sourceTree = "<group>";
		};
		FF076130268299FC0050FC2B /* RealmDB */ = {
			isa = PBXGroup;
			children = (
				FF076131268299FC0050FC2B /* RealmDB.m */,
				FF076133268299FC0050FC2B /* RealmDB.h */,
			);
			path = RealmDB;
			sourceTree = "<group>";
		};
		FF076134268299FD0050FC2B /* Presenter */ = {
			isa = PBXGroup;
			children = (
				FFDD4D632685486B007D3558 /* PrefecturesPresenter */,
				FFDD4D6226854851007D3558 /* DetailsPresenter */,
				FFDD4D6126854839007D3558 /* RootPresenter */,
			);
			path = Presenter;
			sourceTree = "<group>";
		};
		FF076144268299FD0050FC2B /* Model */ = {
			isa = PBXGroup;
			children = (
				FFDD4D602685482D007D3558 /* PrefecturesInput */,
				FFDD4D5F2685481F007D3558 /* PrefecturesEntity */,
				FFDD4D5E2685480E007D3558 /* PrefecturesUseCase */,
				FFDD4D5D26854802007D3558 /* Common */,
			);
			path = Model;
			sourceTree = "<group>";
		};
		FF07614F268299FD0050FC2B /* StoryBoard */ = {
			isa = PBXGroup;
			children = (
				FF076150268299FD0050FC2B /* StoryBoard.h */,
				FF076152268299FD0050FC2B /* StoryBoard.m */,
			);
			path = StoryBoard;
			sourceTree = "<group>";
		};
		FFD3F28F268280FC0052F968 = {
			isa = PBXGroup;
			children = (
				FFD3F29A268280FC0052F968 /* TraningAPI */,
				FFD3F2B6268280FE0052F968 /* TraningAPITests */,
				FFD3F2C1268280FE0052F968 /* TraningAPIUITests */,
				FFD3F299268280FC0052F968 /* Products */,
				08D6DA6C9BDE12F1D9EC7674 /* Pods */,
				509A6C8A6D277C3C5FD7953C /* Frameworks */,
			);
			sourceTree = "<group>";
		};
		FFD3F299268280FC0052F968 /* Products */ = {
			isa = PBXGroup;
			children = (
				FFD3F298268280FC0052F968 /* TraningAPI.app */,
				FFD3F2B3268280FE0052F968 /* TraningAPITests.xctest */,
				FFD3F2BE268280FE0052F968 /* TraningAPIUITests.xctest */,
			);
			name = Products;
			sourceTree = "<group>";
		};
		FFD3F29A268280FC0052F968 /* TraningAPI */ = {
			isa = PBXGroup;
			children = (
				FF076144268299FD0050FC2B /* Model */,
				FF076134268299FD0050FC2B /* Presenter */,
				FF07612B268299FC0050FC2B /* API */,
				FF076130268299FC0050FC2B /* RealmDB */,
				FF07614F268299FD0050FC2B /* StoryBoard */,
				FF0760FE2682981E0050FC2B /* View */,
				FFD3F29B268280FC0052F968 /* AppDelegate.h */,
				FFD3F29C268280FC0052F968 /* AppDelegate.m */,
				FFD3F29E268280FC0052F968 /* SceneDelegate.h */,
				FFD3F29F268280FC0052F968 /* SceneDelegate.m */,
				FFD3F2A4268280FC0052F968 /* Main.storyboard */,
				FFD3F2A7268280FE0052F968 /* Assets.xcassets */,
				FFD3F2A9268280FE0052F968 /* LaunchScreen.storyboard */,
				FFD3F2AC268280FE0052F968 /* Info.plist */,
				FFD3F2AD268280FE0052F968 /* main.m */,
			);
			path = TraningAPI;
			sourceTree = "<group>";
		};
		FFD3F2B6268280FE0052F968 /* TraningAPITests */ = {
			isa = PBXGroup;
			children = (
				FFD3F2B7268280FE0052F968 /* TraningAPITests.m */,
				FFD3F2B9268280FE0052F968 /* Info.plist */,
			);
			path = TraningAPITests;
			sourceTree = "<group>";
		};
		FFD3F2C1268280FE0052F968 /* TraningAPIUITests */ = {
			isa = PBXGroup;
			children = (
				FFD3F2C2268280FE0052F968 /* TraningAPIUITests.m */,
				FFD3F2C4268280FE0052F968 /* Info.plist */,
			);
			path = TraningAPIUITests;
			sourceTree = "<group>";
		};
		FFDD4D5D26854802007D3558 /* Common */ = {
			isa = PBXGroup;
			children = (
				FF076145268299FD0050FC2B /* Common.m */,
				FF07614B268299FD0050FC2B /* Common.h */,
			);
			path = Common;
			sourceTree = "<group>";
		};
		FFDD4D5E2685480E007D3558 /* PrefecturesUseCase */ = {
			isa = PBXGroup;
			children = (
				FF07614A268299FD0050FC2B /* PrefecturesUseCase.m */,
				FF07614D268299FD0050FC2B /* PrefecturesUseCase.h */,
			);
			path = PrefecturesUseCase;
			sourceTree = "<group>";
		};
		FFDD4D5F2685481F007D3558 /* PrefecturesEntity */ = {
			isa = PBXGroup;
			children = (
				FF076147268299FD0050FC2B /* PrefecturesEntity.m */,
				FF07614C268299FD0050FC2B /* PrefecturesEntity.h */,
			);
			path = PrefecturesEntity;
			sourceTree = "<group>";
		};
		FFDD4D602685482D007D3558 /* PrefecturesInput */ = {
			isa = PBXGroup;
			children = (
				FF076146268299FD0050FC2B /* PrefecturesInput.h */,
			);
			path = PrefecturesInput;
			sourceTree = "<group>";
		};
		FFDD4D6126854839007D3558 /* RootPresenter */ = {
			isa = PBXGroup;
			children = (
				FF076135268299FD0050FC2B /* RootPresenter.h */,
				FF07613B268299FD0050FC2B /* RootContainerDelegate.h */,
				FF076140268299FD0050FC2B /* RootPresenter.m */,
				FF076141268299FD0050FC2B /* RootPresenterOutput.h */,
			);
			path = RootPresenter;
			sourceTree = "<group>";
		};
		FFDD4D6226854851007D3558 /* DetailsPresenter */ = {
			isa = PBXGroup;
			children = (
				FF076136268299FD0050FC2B /* DetailsPresenter.h */,
				FF076137268299FD0050FC2B /* DetailsPresenterOutput.h */,
				FF07613D268299FD0050FC2B /* DetailsPresenterInput.h */,
				FF07613F268299FD0050FC2B /* DetailsPresenter.m */,
			);
			path = DetailsPresenter;
			sourceTree = "<group>";
		};
		FFDD4D632685486B007D3558 /* PrefecturesPresenter */ = {
			isa = PBXGroup;
			children = (
				FF076138268299FD0050FC2B /* PrefecturesPresenter.m */,
				FF07613C268299FD0050FC2B /* PrefecturesPresenterInput.h */,
				FF07613E268299FD0050FC2B /* PrefecturesView.h */,
				FF076143268299FD0050FC2B /* PrefecturesPresenter.h */,
			);
			path = PrefecturesPresenter;
			sourceTree = "<group>";
		};
/* End PBXGroup section */

/* Begin PBXNativeTarget section */
		FFD3F297268280FC0052F968 /* TraningAPI */ = {
			isa = PBXNativeTarget;
			buildConfigurationList = FFD3F2C7268280FE0052F968 /* Build configuration list for PBXNativeTarget "TraningAPI" */;
			buildPhases = (
				44A7F8592A2E95D8C941D035 /* [CP] Check Pods Manifest.lock */,
				FFD3F294268280FC0052F968 /* Sources */,
				FFD3F295268280FC0052F968 /* Frameworks */,
				FFD3F296268280FC0052F968 /* Resources */,
				8DD5AE8BD2BDEEFDDD8E3C85 /* [CP] Embed Pods Frameworks */,
			);
			buildRules = (
			);
			dependencies = (
			);
			name = TraningAPI;
			productName = TraningAPI;
			productReference = FFD3F298268280FC0052F968 /* TraningAPI.app */;
			productType = "com.apple.product-type.application";
		};
		FFD3F2B2268280FE0052F968 /* TraningAPITests */ = {
			isa = PBXNativeTarget;
			buildConfigurationList = FFD3F2CA268280FE0052F968 /* Build configuration list for PBXNativeTarget "TraningAPITests" */;
			buildPhases = (
				008DD61A9BBD661B73D943CB /* [CP] Check Pods Manifest.lock */,
				FFD3F2AF268280FE0052F968 /* Sources */,
				FFD3F2B0268280FE0052F968 /* Frameworks */,
				FFD3F2B1268280FE0052F968 /* Resources */,
			);
			buildRules = (
			);
			dependencies = (
				FFD3F2B5268280FE0052F968 /* PBXTargetDependency */,
			);
			name = TraningAPITests;
			productName = TraningAPITests;
			productReference = FFD3F2B3268280FE0052F968 /* TraningAPITests.xctest */;
			productType = "com.apple.product-type.bundle.unit-test";
		};
		FFD3F2BD268280FE0052F968 /* TraningAPIUITests */ = {
			isa = PBXNativeTarget;
			buildConfigurationList = FFD3F2CD268280FE0052F968 /* Build configuration list for PBXNativeTarget "TraningAPIUITests" */;
			buildPhases = (
				6118C3D2205971F9E271EF67 /* [CP] Check Pods Manifest.lock */,
				FFD3F2BA268280FE0052F968 /* Sources */,
				FFD3F2BB268280FE0052F968 /* Frameworks */,
				FFD3F2BC268280FE0052F968 /* Resources */,
				FD4038E245343B0EC84D2915 /* [CP] Embed Pods Frameworks */,
			);
			buildRules = (
			);
			dependencies = (
				FFD3F2C0268280FE0052F968 /* PBXTargetDependency */,
			);
			name = TraningAPIUITests;
			productName = TraningAPIUITests;
			productReference = FFD3F2BE268280FE0052F968 /* TraningAPIUITests.xctest */;
			productType = "com.apple.product-type.bundle.ui-testing";
		};
/* End PBXNativeTarget section */

/* Begin PBXProject section */
		FFD3F290268280FC0052F968 /* Project object */ = {
			isa = PBXProject;
			attributes = {
				LastUpgradeCheck = 1150;
				ORGANIZATIONNAME = "k-takahashi";
				TargetAttributes = {
					FFD3F297268280FC0052F968 = {
						CreatedOnToolsVersion = 11.5;
					};
					FFD3F2B2268280FE0052F968 = {
						CreatedOnToolsVersion = 11.5;
						TestTargetID = FFD3F297268280FC0052F968;
					};
					FFD3F2BD268280FE0052F968 = {
						CreatedOnToolsVersion = 11.5;
						TestTargetID = FFD3F297268280FC0052F968;
					};
				};
			};
			buildConfigurationList = FFD3F293268280FC0052F968 /* Build configuration list for PBXProject "TraningAPI" */;
			compatibilityVersion = "Xcode 11.4";
			developmentRegion = en;
			hasScannedForEncodings = 0;
			knownRegions = (
				en,
				Base,
			);
			mainGroup = FFD3F28F268280FC0052F968;
			productRefGroup = FFD3F299268280FC0052F968 /* Products */;
			projectDirPath = "";
			projectRoot = "";
			targets = (
				FFD3F297268280FC0052F968 /* TraningAPI */,
				FFD3F2B2268280FE0052F968 /* TraningAPITests */,
				FFD3F2BD268280FE0052F968 /* TraningAPIUITests */,
			);
		};
/* End PBXProject section */

/* Begin PBXResourcesBuildPhase section */
		FFD3F296268280FC0052F968 /* Resources */ = {
			isa = PBXResourcesBuildPhase;
			buildActionMask = 2147483647;
			files = (
				FF076114268299290050FC2B /* PrefecturesListTableViewCell.xib in Resources */,
				FFD3F2AB268280FE0052F968 /* LaunchScreen.storyboard in Resources */,
				FFD3F2A8268280FE0052F968 /* Assets.xcassets in Resources */,
				FF0761242682997E0050FC2B /* LicenceTableViewCell.xib in Resources */,
				FF07611C268299560050FC2B /* MenuTableViewCell.xib in Resources */,
				FFD3F2A6268280FC0052F968 /* Main.storyboard in Resources */,
			);
			runOnlyForDeploymentPostprocessing = 0;
		};
		FFD3F2B1268280FE0052F968 /* Resources */ = {
			isa = PBXResourcesBuildPhase;
			buildActionMask = 2147483647;
			files = (
			);
			runOnlyForDeploymentPostprocessing = 0;
		};
		FFD3F2BC268280FE0052F968 /* Resources */ = {
			isa = PBXResourcesBuildPhase;
			buildActionMask = 2147483647;
			files = (
			);
			runOnlyForDeploymentPostprocessing = 0;
		};
/* End PBXResourcesBuildPhase section */

/* Begin PBXShellScriptBuildPhase section */
		008DD61A9BBD661B73D943CB /* [CP] Check Pods Manifest.lock */ = {
			isa = PBXShellScriptBuildPhase;
			buildActionMask = 2147483647;
			files = (
			);
			inputFileListPaths = (
			);
			inputPaths = (
				"${PODS_PODFILE_DIR_PATH}/Podfile.lock",
				"${PODS_ROOT}/Manifest.lock",
			);
			name = "[CP] Check Pods Manifest.lock";
			outputFileListPaths = (
			);
			outputPaths = (
				"$(DERIVED_FILE_DIR)/Pods-TraningAPITests-checkManifestLockResult.txt",
			);
			runOnlyForDeploymentPostprocessing = 0;
			shellPath = /bin/sh;
			shellScript = "diff \"${PODS_PODFILE_DIR_PATH}/Podfile.lock\" \"${PODS_ROOT}/Manifest.lock\" > /dev/null\nif [ $? != 0 ] ; then\n    # print error to STDERR\n    echo \"error: The sandbox is not in sync with the Podfile.lock. Run 'pod install' or update your CocoaPods installation.\" >&2\n    exit 1\nfi\n# This output is used by Xcode 'outputs' to avoid re-running this script phase.\necho \"SUCCESS\" > \"${SCRIPT_OUTPUT_FILE_0}\"\n";
			showEnvVarsInLog = 0;
		};
		44A7F8592A2E95D8C941D035 /* [CP] Check Pods Manifest.lock */ = {
			isa = PBXShellScriptBuildPhase;
			buildActionMask = 2147483647;
			files = (
			);
			inputFileListPaths = (
			);
			inputPaths = (
				"${PODS_PODFILE_DIR_PATH}/Podfile.lock",
				"${PODS_ROOT}/Manifest.lock",
			);
			name = "[CP] Check Pods Manifest.lock";
			outputFileListPaths = (
			);
			outputPaths = (
				"$(DERIVED_FILE_DIR)/Pods-TraningAPI-checkManifestLockResult.txt",
			);
			runOnlyForDeploymentPostprocessing = 0;
			shellPath = /bin/sh;
			shellScript = "diff \"${PODS_PODFILE_DIR_PATH}/Podfile.lock\" \"${PODS_ROOT}/Manifest.lock\" > /dev/null\nif [ $? != 0 ] ; then\n    # print error to STDERR\n    echo \"error: The sandbox is not in sync with the Podfile.lock. Run 'pod install' or update your CocoaPods installation.\" >&2\n    exit 1\nfi\n# This output is used by Xcode 'outputs' to avoid re-running this script phase.\necho \"SUCCESS\" > \"${SCRIPT_OUTPUT_FILE_0}\"\n";
			showEnvVarsInLog = 0;
		};
		6118C3D2205971F9E271EF67 /* [CP] Check Pods Manifest.lock */ = {
			isa = PBXShellScriptBuildPhase;
			buildActionMask = 2147483647;
			files = (
			);
			inputFileListPaths = (
			);
			inputPaths = (
				"${PODS_PODFILE_DIR_PATH}/Podfile.lock",
				"${PODS_ROOT}/Manifest.lock",
			);
			name = "[CP] Check Pods Manifest.lock";
			outputFileListPaths = (
			);
			outputPaths = (
				"$(DERIVED_FILE_DIR)/Pods-TraningAPI-TraningAPIUITests-checkManifestLockResult.txt",
			);
			runOnlyForDeploymentPostprocessing = 0;
			shellPath = /bin/sh;
			shellScript = "diff \"${PODS_PODFILE_DIR_PATH}/Podfile.lock\" \"${PODS_ROOT}/Manifest.lock\" > /dev/null\nif [ $? != 0 ] ; then\n    # print error to STDERR\n    echo \"error: The sandbox is not in sync with the Podfile.lock. Run 'pod install' or update your CocoaPods installation.\" >&2\n    exit 1\nfi\n# This output is used by Xcode 'outputs' to avoid re-running this script phase.\necho \"SUCCESS\" > \"${SCRIPT_OUTPUT_FILE_0}\"\n";
			showEnvVarsInLog = 0;
		};
		8DD5AE8BD2BDEEFDDD8E3C85 /* [CP] Embed Pods Frameworks */ = {
			isa = PBXShellScriptBuildPhase;
			buildActionMask = 2147483647;
			files = (
			);
			inputFileListPaths = (
				"${PODS_ROOT}/Target Support Files/Pods-TraningAPI/Pods-TraningAPI-frameworks-${CONFIGURATION}-input-files.xcfilelist",
			);
			name = "[CP] Embed Pods Frameworks";
			outputFileListPaths = (
				"${PODS_ROOT}/Target Support Files/Pods-TraningAPI/Pods-TraningAPI-frameworks-${CONFIGURATION}-output-files.xcfilelist",
			);
			runOnlyForDeploymentPostprocessing = 0;
			shellPath = /bin/sh;
			shellScript = "\"${PODS_ROOT}/Target Support Files/Pods-TraningAPI/Pods-TraningAPI-frameworks.sh\"\n";
			showEnvVarsInLog = 0;
		};
		FD4038E245343B0EC84D2915 /* [CP] Embed Pods Frameworks */ = {
			isa = PBXShellScriptBuildPhase;
			buildActionMask = 2147483647;
			files = (
			);
			inputFileListPaths = (
				"${PODS_ROOT}/Target Support Files/Pods-TraningAPI-TraningAPIUITests/Pods-TraningAPI-TraningAPIUITests-frameworks-${CONFIGURATION}-input-files.xcfilelist",
			);
			name = "[CP] Embed Pods Frameworks";
			outputFileListPaths = (
				"${PODS_ROOT}/Target Support Files/Pods-TraningAPI-TraningAPIUITests/Pods-TraningAPI-TraningAPIUITests-frameworks-${CONFIGURATION}-output-files.xcfilelist",
			);
			runOnlyForDeploymentPostprocessing = 0;
			shellPath = /bin/sh;
			shellScript = "\"${PODS_ROOT}/Target Support Files/Pods-TraningAPI-TraningAPIUITests/Pods-TraningAPI-TraningAPIUITests-frameworks.sh\"\n";
			showEnvVarsInLog = 0;
		};
/* End PBXShellScriptBuildPhase section */

/* Begin PBXSourcesBuildPhase section */
		FFD3F294268280FC0052F968 /* Sources */ = {
			isa = PBXSourcesBuildPhase;
			buildActionMask = 2147483647;
			files = (
				FF0761272682998E0050FC2B /* LicenceContentViewController.m in Sources */,
				FF07615C268299FD0050FC2B /* RootPresenter.m in Sources */,
				FF076158268299FD0050FC2B /* PrefecturesPresenter.m in Sources */,
				FFD3F29D268280FC0052F968 /* AppDelegate.m in Sources */,
				FF07615B268299FD0050FC2B /* DetailsPresenter.m in Sources */,
				FF076162268299FD0050FC2B /* PrefecturesUseCase.m in Sources */,
				FFD3F2AE268280FE0052F968 /* main.m in Sources */,
				FF07612A2682999D0050FC2B /* DetailsViewController.m in Sources */,
				FF07610F2682990D0050FC2B /* PrefecturesListViewController.m in Sources */,
				FF07610C268298E00050FC2B /* RootViewController.m in Sources */,
				FF07615E268299FD0050FC2B /* Common.m in Sources */,
				FF076117268299440050FC2B /* MenuViewController.m in Sources */,
				FF076154268299FD0050FC2B /* GithubAPI.m in Sources */,
				FF07611F2682996D0050FC2B /* LicenceListViewController.m in Sources */,
				FF07615F268299FD0050FC2B /* PrefecturesEntity.m in Sources */,
				FF076113268299290050FC2B /* PrefecturesListTableViewCell.m in Sources */,
				FF076156268299FD0050FC2B /* RealmDB.m in Sources */,
				FF07611B268299560050FC2B /* MenuTableViewCell.m in Sources */,
				FFD3F2A0268280FC0052F968 /* SceneDelegate.m in Sources */,
				FF076165268299FD0050FC2B /* StoryBoard.m in Sources */,
				FF0761232682997E0050FC2B /* LicenceTableViewCell.m in Sources */,
			);
			runOnlyForDeploymentPostprocessing = 0;
		};
		FFD3F2AF268280FE0052F968 /* Sources */ = {
			isa = PBXSourcesBuildPhase;
			buildActionMask = 2147483647;
			files = (
				FFD3F2B8268280FE0052F968 /* TraningAPITests.m in Sources */,
			);
			runOnlyForDeploymentPostprocessing = 0;
		};
		FFD3F2BA268280FE0052F968 /* Sources */ = {
			isa = PBXSourcesBuildPhase;
			buildActionMask = 2147483647;
			files = (
				FFD3F2C3268280FE0052F968 /* TraningAPIUITests.m in Sources */,
			);
			runOnlyForDeploymentPostprocessing = 0;
		};
/* End PBXSourcesBuildPhase section */

/* Begin PBXTargetDependency section */
		FFD3F2B5268280FE0052F968 /* PBXTargetDependency */ = {
			isa = PBXTargetDependency;
			target = FFD3F297268280FC0052F968 /* TraningAPI */;
			targetProxy = FFD3F2B4268280FE0052F968 /* PBXContainerItemProxy */;
		};
		FFD3F2C0268280FE0052F968 /* PBXTargetDependency */ = {
			isa = PBXTargetDependency;
			target = FFD3F297268280FC0052F968 /* TraningAPI */;
			targetProxy = FFD3F2BF268280FE0052F968 /* PBXContainerItemProxy */;
		};
/* End PBXTargetDependency section */

/* Begin PBXVariantGroup section */
		FFD3F2A4268280FC0052F968 /* Main.storyboard */ = {
			isa = PBXVariantGroup;
			children = (
				FFD3F2A5268280FC0052F968 /* Base */,
			);
			name = Main.storyboard;
			sourceTree = "<group>";
		};
		FFD3F2A9268280FE0052F968 /* LaunchScreen.storyboard */ = {
			isa = PBXVariantGroup;
			children = (
				FFD3F2AA268280FE0052F968 /* Base */,
			);
			name = LaunchScreen.storyboard;
			sourceTree = "<group>";
		};
/* End PBXVariantGroup section */

/* Begin XCBuildConfiguration section */
		FFD3F2C5268280FE0052F968 /* Debug */ = {
			isa = XCBuildConfiguration;
			buildSettings = {
				ALWAYS_SEARCH_USER_PATHS = NO;
				CLANG_ANALYZER_NONNULL = YES;
				CLANG_ANALYZER_NUMBER_OBJECT_CONVERSION = YES_AGGRESSIVE;
				CLANG_CXX_LANGUAGE_STANDARD = "gnu++14";
				CLANG_CXX_LIBRARY = "libc++";
				CLANG_ENABLE_MODULES = YES;
				CLANG_ENABLE_OBJC_ARC = YES;
				CLANG_ENABLE_OBJC_WEAK = YES;
				CLANG_WARN_BLOCK_CAPTURE_AUTORELEASING = YES;
				CLANG_WARN_BOOL_CONVERSION = YES;
				CLANG_WARN_COMMA = YES;
				CLANG_WARN_CONSTANT_CONVERSION = YES;
				CLANG_WARN_DEPRECATED_OBJC_IMPLEMENTATIONS = YES;
				CLANG_WARN_DIRECT_OBJC_ISA_USAGE = YES_ERROR;
				CLANG_WARN_DOCUMENTATION_COMMENTS = YES;
				CLANG_WARN_EMPTY_BODY = YES;
				CLANG_WARN_ENUM_CONVERSION = YES;
				CLANG_WARN_INFINITE_RECURSION = YES;
				CLANG_WARN_INT_CONVERSION = YES;
				CLANG_WARN_NON_LITERAL_NULL_CONVERSION = YES;
				CLANG_WARN_OBJC_IMPLICIT_RETAIN_SELF = YES;
				CLANG_WARN_OBJC_LITERAL_CONVERSION = YES;
				CLANG_WARN_OBJC_ROOT_CLASS = YES_ERROR;
				CLANG_WARN_RANGE_LOOP_ANALYSIS = YES;
				CLANG_WARN_STRICT_PROTOTYPES = YES;
				CLANG_WARN_SUSPICIOUS_MOVE = YES;
				CLANG_WARN_UNGUARDED_AVAILABILITY = YES_AGGRESSIVE;
				CLANG_WARN_UNREACHABLE_CODE = YES;
				CLANG_WARN__DUPLICATE_METHOD_MATCH = YES;
				COPY_PHASE_STRIP = NO;
				DEBUG_INFORMATION_FORMAT = dwarf;
				ENABLE_STRICT_OBJC_MSGSEND = YES;
				ENABLE_TESTABILITY = YES;
				GCC_C_LANGUAGE_STANDARD = gnu11;
				GCC_DYNAMIC_NO_PIC = NO;
				GCC_NO_COMMON_BLOCKS = YES;
				GCC_OPTIMIZATION_LEVEL = 0;
				GCC_PREPROCESSOR_DEFINITIONS = (
					"DEBUG=1",
					"$(inherited)",
				);
				GCC_WARN_64_TO_32_BIT_CONVERSION = YES;
				GCC_WARN_ABOUT_RETURN_TYPE = YES_ERROR;
				GCC_WARN_UNDECLARED_SELECTOR = YES;
				GCC_WARN_UNINITIALIZED_AUTOS = YES_AGGRESSIVE;
				GCC_WARN_UNUSED_FUNCTION = YES;
				GCC_WARN_UNUSED_VARIABLE = YES;
				IPHONEOS_DEPLOYMENT_TARGET = 13.5;
				MTL_ENABLE_DEBUG_INFO = INCLUDE_SOURCE;
				MTL_FAST_MATH = YES;
				ONLY_ACTIVE_ARCH = YES;
				SDKROOT = iphoneos;
			};
			name = Debug;
		};
		FFD3F2C6268280FE0052F968 /* Release */ = {
			isa = XCBuildConfiguration;
			buildSettings = {
				ALWAYS_SEARCH_USER_PATHS = NO;
				CLANG_ANALYZER_NONNULL = YES;
				CLANG_ANALYZER_NUMBER_OBJECT_CONVERSION = YES_AGGRESSIVE;
				CLANG_CXX_LANGUAGE_STANDARD = "gnu++14";
				CLANG_CXX_LIBRARY = "libc++";
				CLANG_ENABLE_MODULES = YES;
				CLANG_ENABLE_OBJC_ARC = YES;
				CLANG_ENABLE_OBJC_WEAK = YES;
				CLANG_WARN_BLOCK_CAPTURE_AUTORELEASING = YES;
				CLANG_WARN_BOOL_CONVERSION = YES;
				CLANG_WARN_COMMA = YES;
				CLANG_WARN_CONSTANT_CONVERSION = YES;
				CLANG_WARN_DEPRECATED_OBJC_IMPLEMENTATIONS = YES;
				CLANG_WARN_DIRECT_OBJC_ISA_USAGE = YES_ERROR;
				CLANG_WARN_DOCUMENTATION_COMMENTS = YES;
				CLANG_WARN_EMPTY_BODY = YES;
				CLANG_WARN_ENUM_CONVERSION = YES;
				CLANG_WARN_INFINITE_RECURSION = YES;
				CLANG_WARN_INT_CONVERSION = YES;
				CLANG_WARN_NON_LITERAL_NULL_CONVERSION = YES;
				CLANG_WARN_OBJC_IMPLICIT_RETAIN_SELF = YES;
				CLANG_WARN_OBJC_LITERAL_CONVERSION = YES;
				CLANG_WARN_OBJC_ROOT_CLASS = YES_ERROR;
				CLANG_WARN_RANGE_LOOP_ANALYSIS = YES;
				CLANG_WARN_STRICT_PROTOTYPES = YES;
				CLANG_WARN_SUSPICIOUS_MOVE = YES;
				CLANG_WARN_UNGUARDED_AVAILABILITY = YES_AGGRESSIVE;
				CLANG_WARN_UNREACHABLE_CODE = YES;
				CLANG_WARN__DUPLICATE_METHOD_MATCH = YES;
				COPY_PHASE_STRIP = NO;
				DEBUG_INFORMATION_FORMAT = "dwarf-with-dsym";
				ENABLE_NS_ASSERTIONS = NO;
				ENABLE_STRICT_OBJC_MSGSEND = YES;
				GCC_C_LANGUAGE_STANDARD = gnu11;
				GCC_NO_COMMON_BLOCKS = YES;
				GCC_WARN_64_TO_32_BIT_CONVERSION = YES;
				GCC_WARN_ABOUT_RETURN_TYPE = YES_ERROR;
				GCC_WARN_UNDECLARED_SELECTOR = YES;
				GCC_WARN_UNINITIALIZED_AUTOS = YES_AGGRESSIVE;
				GCC_WARN_UNUSED_FUNCTION = YES;
				GCC_WARN_UNUSED_VARIABLE = YES;
				IPHONEOS_DEPLOYMENT_TARGET = 13.5;
				MTL_ENABLE_DEBUG_INFO = NO;
				MTL_FAST_MATH = YES;
				SDKROOT = iphoneos;
				VALIDATE_PRODUCT = YES;
			};
			name = Release;
		};
		FFD3F2C8268280FE0052F968 /* Debug */ = {
			isa = XCBuildConfiguration;
			baseConfigurationReference = 76F35E877D5D9A11C28FA3B1 /* Pods-TraningAPI.debug.xcconfig */;
			buildSettings = {
				ASSETCATALOG_COMPILER_APPICON_NAME = AppIcon;
				CODE_SIGN_STYLE = Manual;
				DEVELOPMENT_TEAM = "";
				INFOPLIST_FILE = TraningAPI/Info.plist;
				IPHONEOS_DEPLOYMENT_TARGET = 13.5;
				LD_RUNPATH_SEARCH_PATHS = (
					"$(inherited)",
					"@executable_path/Frameworks",
				);
				PRODUCT_BUNDLE_IDENTIFIER = iostraning.TraningAPI;
				PRODUCT_NAME = "$(TARGET_NAME)";
				PROVISIONING_PROFILE_SPECIFIER = "";
				TARGETED_DEVICE_FAMILY = "1,2";
			};
			name = Debug;
		};
		FFD3F2C9268280FE0052F968 /* Release */ = {
			isa = XCBuildConfiguration;
			baseConfigurationReference = F6518B4B7A720491E6504702 /* Pods-TraningAPI.release.xcconfig */;
			buildSettings = {
				ASSETCATALOG_COMPILER_APPICON_NAME = AppIcon;
				CODE_SIGN_STYLE = Manual;
				DEVELOPMENT_TEAM = "";
				INFOPLIST_FILE = TraningAPI/Info.plist;
				IPHONEOS_DEPLOYMENT_TARGET = 13.5;
				LD_RUNPATH_SEARCH_PATHS = (
					"$(inherited)",
					"@executable_path/Frameworks",
				);
				PRODUCT_BUNDLE_IDENTIFIER = iostraning.TraningAPI;
				PRODUCT_NAME = "$(TARGET_NAME)";
				PROVISIONING_PROFILE_SPECIFIER = "";
				TARGETED_DEVICE_FAMILY = "1,2";
			};
			name = Release;
		};
		FFD3F2CB268280FE0052F968 /* Debug */ = {
			isa = XCBuildConfiguration;
			baseConfigurationReference = 85E71554AFFFC8E10AD817B6 /* Pods-TraningAPITests.debug.xcconfig */;
			buildSettings = {
				BUNDLE_LOADER = "$(TEST_HOST)";
				CODE_SIGN_STYLE = Automatic;
				INFOPLIST_FILE = TraningAPITests/Info.plist;
				IPHONEOS_DEPLOYMENT_TARGET = 13.5;
				LD_RUNPATH_SEARCH_PATHS = (
					"$(inherited)",
					"@executable_path/Frameworks",
					"@loader_path/Frameworks",
				);
				PRODUCT_BUNDLE_IDENTIFIER = iostraning.TraningAPITests;
				PRODUCT_NAME = "$(TARGET_NAME)";
				TARGETED_DEVICE_FAMILY = "1,2";
				TEST_HOST = "$(BUILT_PRODUCTS_DIR)/TraningAPI.app/TraningAPI";
			};
			name = Debug;
		};
		FFD3F2CC268280FE0052F968 /* Release */ = {
			isa = XCBuildConfiguration;
			baseConfigurationReference = 2B13D54C8721E695222EA248 /* Pods-TraningAPITests.release.xcconfig */;
			buildSettings = {
				BUNDLE_LOADER = "$(TEST_HOST)";
				CODE_SIGN_STYLE = Automatic;
				INFOPLIST_FILE = TraningAPITests/Info.plist;
				IPHONEOS_DEPLOYMENT_TARGET = 13.5;
				LD_RUNPATH_SEARCH_PATHS = (
					"$(inherited)",
					"@executable_path/Frameworks",
					"@loader_path/Frameworks",
				);
				PRODUCT_BUNDLE_IDENTIFIER = iostraning.TraningAPITests;
				PRODUCT_NAME = "$(TARGET_NAME)";
				TARGETED_DEVICE_FAMILY = "1,2";
				TEST_HOST = "$(BUILT_PRODUCTS_DIR)/TraningAPI.app/TraningAPI";
			};
			name = Release;
		};
		FFD3F2CE268280FE0052F968 /* Debug */ = {
			isa = XCBuildConfiguration;
			baseConfigurationReference = 52223CCFE23F1844429A083F /* Pods-TraningAPI-TraningAPIUITests.debug.xcconfig */;
			buildSettings = {
				CODE_SIGN_STYLE = Automatic;
				INFOPLIST_FILE = TraningAPIUITests/Info.plist;
				LD_RUNPATH_SEARCH_PATHS = (
					"$(inherited)",
					"@executable_path/Frameworks",
					"@loader_path/Frameworks",
				);
				PRODUCT_BUNDLE_IDENTIFIER = iostraning.TraningAPIUITests;
				PRODUCT_NAME = "$(TARGET_NAME)";
				TARGETED_DEVICE_FAMILY = "1,2";
				TEST_TARGET_NAME = TraningAPI;
			};
			name = Debug;
		};
		FFD3F2CF268280FE0052F968 /* Release */ = {
			isa = XCBuildConfiguration;
			baseConfigurationReference = C6FDD387091B490E87A2D232 /* Pods-TraningAPI-TraningAPIUITests.release.xcconfig */;
			buildSettings = {
				CODE_SIGN_STYLE = Automatic;
				INFOPLIST_FILE = TraningAPIUITests/Info.plist;
				LD_RUNPATH_SEARCH_PATHS = (
					"$(inherited)",
					"@executable_path/Frameworks",
					"@loader_path/Frameworks",
				);
				PRODUCT_BUNDLE_IDENTIFIER = iostraning.TraningAPIUITests;
				PRODUCT_NAME = "$(TARGET_NAME)";
				TARGETED_DEVICE_FAMILY = "1,2";
				TEST_TARGET_NAME = TraningAPI;
			};
			name = Release;
		};
/* End XCBuildConfiguration section */

/* Begin XCConfigurationList section */
		FFD3F293268280FC0052F968 /* Build configuration list for PBXProject "TraningAPI" */ = {
			isa = XCConfigurationList;
			buildConfigurations = (
				FFD3F2C5268280FE0052F968 /* Debug */,
				FFD3F2C6268280FE0052F968 /* Release */,
			);
			defaultConfigurationIsVisible = 0;
			defaultConfigurationName = Release;
		};
		FFD3F2C7268280FE0052F968 /* Build configuration list for PBXNativeTarget "TraningAPI" */ = {
			isa = XCConfigurationList;
			buildConfigurations = (
				FFD3F2C8268280FE0052F968 /* Debug */,
				FFD3F2C9268280FE0052F968 /* Release */,
			);
			defaultConfigurationIsVisible = 0;
			defaultConfigurationName = Release;
		};
		FFD3F2CA268280FE0052F968 /* Build configuration list for PBXNativeTarget "TraningAPITests" */ = {
			isa = XCConfigurationList;
			buildConfigurations = (
				FFD3F2CB268280FE0052F968 /* Debug */,
				FFD3F2CC268280FE0052F968 /* Release */,
			);
			defaultConfigurationIsVisible = 0;
			defaultConfigurationName = Release;
		};
		FFD3F2CD268280FE0052F968 /* Build configuration list for PBXNativeTarget "TraningAPIUITests" */ = {
			isa = XCConfigurationList;
			buildConfigurations = (
				FFD3F2CE268280FE0052F968 /* Debug */,
				FFD3F2CF268280FE0052F968 /* Release */,
			);
			defaultConfigurationIsVisible = 0;
			defaultConfigurationName = Release;
		};
/* End XCConfigurationList section */
	};
	rootObject = FFD3F290268280FC0052F968 /* Project object */;
}
